
Microsoft Visual Studio Solution File, Format Version 12.00
# Visual Studio 15
VisualStudioVersion = 15.0.27703.2026
MinimumVisualStudioVersion = 10.0.40219.1
Project("{00D1A9C2-B5F0-4AF3-8072-F6C62B433612}") = "ProjectSQL", "ProjectSQL\ProjectSQL.sqlproj", "{66D32ECB-741E-46B5-98AD-D5FB4B64B639}"
EndProject
Global
	GlobalSection(SolutionConfigurationPlatforms) = preSolution
		Debug|Any CPU = Debug|Any CPU
		Release|Any CPU = Release|Any CPU
	EndGlobalSection
	GlobalSection(ProjectConfigurationPlatforms) = postSolution
		{66D32ECB-741E-46B5-98AD-D5FB4B64B639}.Debug|Any CPU.ActiveCfg = Debug|Any CPU
		{66D32ECB-741E-46B5-98AD-D5FB4B64B639}.Debug|Any CPU.Build.0 = Debug|Any CPU
		{66D32ECB-741E-46B5-98AD-D5FB4B64B639}.Debug|Any CPU.Deploy.0 = Debug|Any CPU
		{66D32ECB-741E-46B5-98AD-D5FB4B64B639}.Release|Any CPU.ActiveCfg = Release|Any CPU
		{66D32ECB-741E-46B5-98AD-D5FB4B64B639}.Release|Any CPU.Build.0 = Release|Any CPU
		{66D32ECB-741E-46B5-98AD-D5FB4B64B639}.Release|Any CPU.Deploy.0 = Release|Any CPU
	EndGlobalSection
	GlobalSection(SolutionProperties) = preSolution
		HideSolutionNode = FALSE
	EndGlobalSection
	GlobalSection(ExtensibilityGlobals) = postSolution
		SolutionGuid = {768571FF-A881-49CC-A9BD-FF2947F54F41}
	EndGlobalSection
EndGlobal
